// !$*UTF8*$!
{
	archiveVersion = 1;
	classes = {
	};
	objectVersion = 55;
	objects = {

/* Begin PBXBuildFile section */
		A52CBFCE28CF288D00BD59BB /* CharactersViewController.swift in Sources */ = {isa = PBXBuildFile; fileRef = A52CBFCD28CF288D00BD59BB /* CharactersViewController.swift */; };
		A52CBFD228CF28A500BD59BB /* LocationsViewController.swift in Sources */ = {isa = PBXBuildFile; fileRef = A52CBFD128CF28A500BD59BB /* LocationsViewController.swift */; };
		A52CBFD528CF28B500BD59BB /* EpisodesViewController.swift in Sources */ = {isa = PBXBuildFile; fileRef = A52CBFD428CF28B500BD59BB /* EpisodesViewController.swift */; };
		A52CBFD728CF290D00BD59BB /* MainTabBarController.swift in Sources */ = {isa = PBXBuildFile; fileRef = A52CBFD628CF290D00BD59BB /* MainTabBarController.swift */; };
		A52CBFD928CF293500BD59BB /* Constans.swift in Sources */ = {isa = PBXBuildFile; fileRef = A52CBFD828CF293500BD59BB /* Constans.swift */; };
		A52CBFDC28CF2F4C00BD59BB /* BookmarksViewController.swift in Sources */ = {isa = PBXBuildFile; fileRef = A52CBFDB28CF2F4C00BD59BB /* BookmarksViewController.swift */; };
		A52CBFE228CF5F2700BD59BB /* Emoji.swift in Sources */ = {isa = PBXBuildFile; fileRef = A52CBFE128CF5F2700BD59BB /* Emoji.swift */; };
		A52CBFE428D056E500BD59BB /* DataSource.swift in Sources */ = {isa = PBXBuildFile; fileRef = A52CBFE328D056E500BD59BB /* DataSource.swift */; };
		A52CBFE628D06B7500BD59BB /* EmojiCollectionViewDelegate.swift in Sources */ = {isa = PBXBuildFile; fileRef = A52CBFE528D06B7500BD59BB /* EmojiCollectionViewDelegate.swift */; };
		A52CBFEA28D0700E00BD59BB /* TitleCollectionReusableView.swift in Sources */ = {isa = PBXBuildFile; fileRef = A52CBFE928D0700E00BD59BB /* TitleCollectionReusableView.swift */; };
		A52CBFEC28D0791E00BD59BB /* LocationDetailViewController.swift in Sources */ = {isa = PBXBuildFile; fileRef = A52CBFEB28D0791E00BD59BB /* LocationDetailViewController.swift */; };
		A52CBFF128D0803C00BD59BB /* LocationDetailDataSource.swift in Sources */ = {isa = PBXBuildFile; fileRef = A52CBFF028D0803C00BD59BB /* LocationDetailDataSource.swift */; };
		A52CBFF328D1BB6C00BD59BB /* EpisodesCollectionViewCell.swift in Sources */ = {isa = PBXBuildFile; fileRef = A52CBFF228D1BB6C00BD59BB /* EpisodesCollectionViewCell.swift */; };
		A52CBFF528D1D05F00BD59BB /* TitleWithDisclosureCollectionReusableView.swift in Sources */ = {isa = PBXBuildFile; fileRef = A52CBFF428D1D05F00BD59BB /* TitleWithDisclosureCollectionReusableView.swift */; };
		A578BCBB28CE1DF9000D6FF1 /* AppDelegate.swift in Sources */ = {isa = PBXBuildFile; fileRef = A578BCBA28CE1DF9000D6FF1 /* AppDelegate.swift */; };
		A578BCBD28CE1DF9000D6FF1 /* SceneDelegate.swift in Sources */ = {isa = PBXBuildFile; fileRef = A578BCBC28CE1DF9000D6FF1 /* SceneDelegate.swift */; };
		A578BCC528CE1DF9000D6FF1 /* RickAndMorty.xcdatamodeld in Sources */ = {isa = PBXBuildFile; fileRef = A578BCC328CE1DF9000D6FF1 /* RickAndMorty.xcdatamodeld */; };
		A578BCC728CE1DFA000D6FF1 /* Assets.xcassets in Resources */ = {isa = PBXBuildFile; fileRef = A578BCC628CE1DFA000D6FF1 /* Assets.xcassets */; };
		A5D784CC28D30EB400C60543 /* LocationCollectionViewCell.swift in Sources */ = {isa = PBXBuildFile; fileRef = A5D784CB28D30EB400C60543 /* LocationCollectionViewCell.swift */; };
		A5D784CE28D30ED200C60543 /* CharacterCollectionViewCell.swift in Sources */ = {isa = PBXBuildFile; fileRef = A5D784CD28D30ED200C60543 /* CharacterCollectionViewCell.swift */; };
		A5D784D128D3189900C60543 /* View+CreateGradient.swift in Sources */ = {isa = PBXBuildFile; fileRef = A5D784D028D3189900C60543 /* View+CreateGradient.swift */; };
		A5D784D528D320A300C60543 /* LaunchScreen.storyboard in Resources */ = {isa = PBXBuildFile; fileRef = A5D784D428D320A300C60543 /* LaunchScreen.storyboard */; };
		A5D784D728D44A3F00C60543 /* EpisodesDataSource.swift in Sources */ = {isa = PBXBuildFile; fileRef = A5D784D628D44A3F00C60543 /* EpisodesDataSource.swift */; };
		A5D784DA28D44BAF00C60543 /* EpisodesDelegate.swift in Sources */ = {isa = PBXBuildFile; fileRef = A5D784D928D44BAF00C60543 /* EpisodesDelegate.swift */; };
/* End PBXBuildFile section */

/* Begin PBXFileReference section */
		A52CBFCB28CF276500BD59BB /* Info.plist */ = {isa = PBXFileReference; fileEncoding = 4; lastKnownFileType = text.plist.xml; path = Info.plist; sourceTree = "<group>"; };
		A52CBFCD28CF288D00BD59BB /* CharactersViewController.swift */ = {isa = PBXFileReference; lastKnownFileType = sourcecode.swift; path = CharactersViewController.swift; sourceTree = "<group>"; };
		A52CBFD128CF28A500BD59BB /* LocationsViewController.swift */ = {isa = PBXFileReference; lastKnownFileType = sourcecode.swift; path = LocationsViewController.swift; sourceTree = "<group>"; };
		A52CBFD428CF28B500BD59BB /* EpisodesViewController.swift */ = {isa = PBXFileReference; lastKnownFileType = sourcecode.swift; path = EpisodesViewController.swift; sourceTree = "<group>"; };
		A52CBFD628CF290D00BD59BB /* MainTabBarController.swift */ = {isa = PBXFileReference; lastKnownFileType = sourcecode.swift; path = MainTabBarController.swift; sourceTree = "<group>"; };
		A52CBFD828CF293500BD59BB /* Constans.swift */ = {isa = PBXFileReference; lastKnownFileType = sourcecode.swift; path = Constans.swift; sourceTree = "<group>"; };
		A52CBFDB28CF2F4C00BD59BB /* BookmarksViewController.swift */ = {isa = PBXFileReference; lastKnownFileType = sourcecode.swift; path = BookmarksViewController.swift; sourceTree = "<group>"; };
		A52CBFE128CF5F2700BD59BB /* Emoji.swift */ = {isa = PBXFileReference; fileEncoding = 4; lastKnownFileType = sourcecode.swift; path = Emoji.swift; sourceTree = "<group>"; };
		A52CBFE328D056E500BD59BB /* DataSource.swift */ = {isa = PBXFileReference; lastKnownFileType = sourcecode.swift; path = DataSource.swift; sourceTree = "<group>"; };
		A52CBFE528D06B7500BD59BB /* EmojiCollectionViewDelegate.swift */ = {isa = PBXFileReference; lastKnownFileType = sourcecode.swift; path = EmojiCollectionViewDelegate.swift; sourceTree = "<group>"; };
		A52CBFE928D0700E00BD59BB /* TitleCollectionReusableView.swift */ = {isa = PBXFileReference; lastKnownFileType = sourcecode.swift; path = TitleCollectionReusableView.swift; sourceTree = "<group>"; };
		A52CBFEB28D0791E00BD59BB /* LocationDetailViewController.swift */ = {isa = PBXFileReference; lastKnownFileType = sourcecode.swift; path = LocationDetailViewController.swift; sourceTree = "<group>"; };
		A52CBFF028D0803C00BD59BB /* LocationDetailDataSource.swift */ = {isa = PBXFileReference; lastKnownFileType = sourcecode.swift; path = LocationDetailDataSource.swift; sourceTree = "<group>"; };
		A52CBFF228D1BB6C00BD59BB /* EpisodesCollectionViewCell.swift */ = {isa = PBXFileReference; lastKnownFileType = sourcecode.swift; path = EpisodesCollectionViewCell.swift; sourceTree = "<group>"; };
		A52CBFF428D1D05F00BD59BB /* TitleWithDisclosureCollectionReusableView.swift */ = {isa = PBXFileReference; lastKnownFileType = sourcecode.swift; path = TitleWithDisclosureCollectionReusableView.swift; sourceTree = "<group>"; };
		A578BCB728CE1DF9000D6FF1 /* RickAndMorty.app */ = {isa = PBXFileReference; explicitFileType = wrapper.application; includeInIndex = 0; path = RickAndMorty.app; sourceTree = BUILT_PRODUCTS_DIR; };
		A578BCBA28CE1DF9000D6FF1 /* AppDelegate.swift */ = {isa = PBXFileReference; lastKnownFileType = sourcecode.swift; path = AppDelegate.swift; sourceTree = "<group>"; };
		A578BCBC28CE1DF9000D6FF1 /* SceneDelegate.swift */ = {isa = PBXFileReference; lastKnownFileType = sourcecode.swift; path = SceneDelegate.swift; sourceTree = "<group>"; };
		A578BCC428CE1DF9000D6FF1 /* RickAndMorty.xcdatamodel */ = {isa = PBXFileReference; lastKnownFileType = wrapper.xcdatamodel; path = RickAndMorty.xcdatamodel; sourceTree = "<group>"; };
		A578BCC628CE1DFA000D6FF1 /* Assets.xcassets */ = {isa = PBXFileReference; lastKnownFileType = folder.assetcatalog; path = Assets.xcassets; sourceTree = "<group>"; };
		A5D784CB28D30EB400C60543 /* LocationCollectionViewCell.swift */ = {isa = PBXFileReference; lastKnownFileType = sourcecode.swift; path = LocationCollectionViewCell.swift; sourceTree = "<group>"; };
		A5D784CD28D30ED200C60543 /* CharacterCollectionViewCell.swift */ = {isa = PBXFileReference; lastKnownFileType = sourcecode.swift; path = CharacterCollectionViewCell.swift; sourceTree = "<group>"; };
		A5D784D028D3189900C60543 /* View+CreateGradient.swift */ = {isa = PBXFileReference; lastKnownFileType = sourcecode.swift; path = "View+CreateGradient.swift"; sourceTree = "<group>"; };
		A5D784D428D320A300C60543 /* LaunchScreen.storyboard */ = {isa = PBXFileReference; lastKnownFileType = file.storyboard; path = LaunchScreen.storyboard; sourceTree = "<group>"; };
		A5D784D628D44A3F00C60543 /* EpisodesDataSource.swift */ = {isa = PBXFileReference; lastKnownFileType = sourcecode.swift; path = EpisodesDataSource.swift; sourceTree = "<group>"; };
		A5D784D928D44BAF00C60543 /* EpisodesDelegate.swift */ = {isa = PBXFileReference; lastKnownFileType = sourcecode.swift; path = EpisodesDelegate.swift; sourceTree = "<group>"; };
/* End PBXFileReference section */

/* Begin PBXFrameworksBuildPhase section */
		A578BCB428CE1DF9000D6FF1 /* Frameworks */ = {
			isa = PBXFrameworksBuildPhase;
			buildActionMask = 2147483647;
			files = (
			);
			runOnlyForDeploymentPostprocessing = 0;
		};
/* End PBXFrameworksBuildPhase section */

/* Begin PBXGroup section */
		A52CBFE728D06FD700BD59BB /* Cells */ = {
			isa = PBXGroup;
			children = (
				A5D784CB28D30EB400C60543 /* LocationCollectionViewCell.swift */,
				A5D784CD28D30ED200C60543 /* CharacterCollectionViewCell.swift */,
				A52CBFF228D1BB6C00BD59BB /* EpisodesCollectionViewCell.swift */,
			);
			path = Cells;
			sourceTree = "<group>";
		};
		A52CBFE828D06FE700BD59BB /* Headers */ = {
			isa = PBXGroup;
			children = (
				A52CBFE928D0700E00BD59BB /* TitleCollectionReusableView.swift */,
				A52CBFF428D1D05F00BD59BB /* TitleWithDisclosureCollectionReusableView.swift */,
			);
			path = Headers;
			sourceTree = "<group>";
		};
		A52CBFED28D0792300BD59BB /* Locations */ = {
			isa = PBXGroup;
			children = (
				A52CBFD128CF28A500BD59BB /* LocationsViewController.swift */,
				A52CBFEB28D0791E00BD59BB /* LocationDetailViewController.swift */,
			);
			path = Locations;
			sourceTree = "<group>";
		};
		A578BCAE28CE1DF9000D6FF1 = {
			isa = PBXGroup;
			children = (
				A578BCB928CE1DF9000D6FF1 /* RickAndMorty */,
				A578BCB828CE1DF9000D6FF1 /* Products */,
			);
			sourceTree = "<group>";
		};
		A578BCB828CE1DF9000D6FF1 /* Products */ = {
			isa = PBXGroup;
			children = (
				A578BCB728CE1DF9000D6FF1 /* RickAndMorty.app */,
			);
			name = Products;
			sourceTree = "<group>";
		};
		A578BCB928CE1DF9000D6FF1 /* RickAndMorty */ = {
			isa = PBXGroup;
			children = (
				A5D784CF28D3187A00C60543 /* Extensions */,
				A578BCF528CF26FB000D6FF1 /* Application */,
				A578BCF428CF26F5000D6FF1 /* Resources */,
				A578BCF328CF26F2000D6FF1 /* Model */,
				A578BCF228CF26ED000D6FF1 /* View */,
				A578BCF128CF26E8000D6FF1 /* Controller */,
			);
			path = RickAndMorty;
			sourceTree = "<group>";
		};
		A578BCF128CF26E8000D6FF1 /* Controller */ = {
			isa = PBXGroup;
			children = (
				A52CBFED28D0792300BD59BB /* Locations */,
				A52CBFCD28CF288D00BD59BB /* CharactersViewController.swift */,
				A52CBFD428CF28B500BD59BB /* EpisodesViewController.swift */,
				A52CBFDB28CF2F4C00BD59BB /* BookmarksViewController.swift */,
				A52CBFD628CF290D00BD59BB /* MainTabBarController.swift */,
			);
			path = Controller;
			sourceTree = "<group>";
		};
		A578BCF228CF26ED000D6FF1 /* View */ = {
			isa = PBXGroup;
			children = (
				A52CBFE828D06FE700BD59BB /* Headers */,
				A52CBFE728D06FD700BD59BB /* Cells */,
				A5D784D428D320A300C60543 /* LaunchScreen.storyboard */,
			);
			path = View;
			sourceTree = "<group>";
		};
		A578BCF328CF26F2000D6FF1 /* Model */ = {
			isa = PBXGroup;
			children = (
				A52CBFE128CF5F2700BD59BB /* Emoji.swift */,
				A52CBFE328D056E500BD59BB /* DataSource.swift */,
				A52CBFE528D06B7500BD59BB /* EmojiCollectionViewDelegate.swift */,
				A52CBFF028D0803C00BD59BB /* LocationDetailDataSource.swift */,
				A5D784D628D44A3F00C60543 /* EpisodesDataSource.swift */,
				A5D784D928D44BAF00C60543 /* EpisodesDelegate.swift */,
			);
			path = Model;
			sourceTree = "<group>";
		};
		A578BCF428CF26F5000D6FF1 /* Resources */ = {
			isa = PBXGroup;
			children = (
				A52CBFCB28CF276500BD59BB /* Info.plist */,
				A578BCC328CE1DF9000D6FF1 /* RickAndMorty.xcdatamodeld */,
				A578BCC628CE1DFA000D6FF1 /* Assets.xcassets */,
				A52CBFD828CF293500BD59BB /* Constans.swift */,
			);
			path = Resources;
			sourceTree = "<group>";
		};
		A578BCF528CF26FB000D6FF1 /* Application */ = {
			isa = PBXGroup;
			children = (
				A578BCBA28CE1DF9000D6FF1 /* AppDelegate.swift */,
				A578BCBC28CE1DF9000D6FF1 /* SceneDelegate.swift */,
			);
			path = Application;
			sourceTree = "<group>";
		};
		A5D784CF28D3187A00C60543 /* Extensions */ = {
			isa = PBXGroup;
			children = (
				A5D784D028D3189900C60543 /* View+CreateGradient.swift */,
			);
			path = Extensions;
			sourceTree = "<group>";
		};
/* End PBXGroup section */

/* Begin PBXNativeTarget section */
		A578BCB628CE1DF9000D6FF1 /* RickAndMorty */ = {
			isa = PBXNativeTarget;
			buildConfigurationList = A578BCCE28CE1DFA000D6FF1 /* Build configuration list for PBXNativeTarget "RickAndMorty" */;
			buildPhases = (
				A578BCB328CE1DF9000D6FF1 /* Sources */,
				A578BCB428CE1DF9000D6FF1 /* Frameworks */,
				A578BCB528CE1DF9000D6FF1 /* Resources */,
			);
			buildRules = (
			);
			dependencies = (
			);
			name = RickAndMorty;
			productName = RickAndMorty;
			productReference = A578BCB728CE1DF9000D6FF1 /* RickAndMorty.app */;
			productType = "com.apple.product-type.application";
		};
/* End PBXNativeTarget section */

/* Begin PBXProject section */
		A578BCAF28CE1DF9000D6FF1 /* Project object */ = {
			isa = PBXProject;
			attributes = {
				BuildIndependentTargetsInParallel = 1;
				LastSwiftUpdateCheck = 1340;
				LastUpgradeCheck = 1340;
				TargetAttributes = {
					A578BCB628CE1DF9000D6FF1 = {
						CreatedOnToolsVersion = 13.4.1;
					};
				};
			};
			buildConfigurationList = A578BCB228CE1DF9000D6FF1 /* Build configuration list for PBXProject "RickAndMorty" */;
			compatibilityVersion = "Xcode 13.0";
			developmentRegion = en;
			hasScannedForEncodings = 0;
			knownRegions = (
				en,
				Base,
			);
			mainGroup = A578BCAE28CE1DF9000D6FF1;
			productRefGroup = A578BCB828CE1DF9000D6FF1 /* Products */;
			projectDirPath = "";
			projectRoot = "";
			targets = (
				A578BCB628CE1DF9000D6FF1 /* RickAndMorty */,
			);
		};
/* End PBXProject section */

/* Begin PBXResourcesBuildPhase section */
		A578BCB528CE1DF9000D6FF1 /* Resources */ = {
			isa = PBXResourcesBuildPhase;
			buildActionMask = 2147483647;
			files = (
				A578BCC728CE1DFA000D6FF1 /* Assets.xcassets in Resources */,
				A5D784D528D320A300C60543 /* LaunchScreen.storyboard in Resources */,
			);
			runOnlyForDeploymentPostprocessing = 0;
		};
/* End PBXResourcesBuildPhase section */

/* Begin PBXSourcesBuildPhase section */
		A578BCB328CE1DF9000D6FF1 /* Sources */ = {
			isa = PBXSourcesBuildPhase;
			buildActionMask = 2147483647;
			files = (
				A5D784DA28D44BAF00C60543 /* EpisodesDelegate.swift in Sources */,
				A52CBFDC28CF2F4C00BD59BB /* BookmarksViewController.swift in Sources */,
				A5D784D728D44A3F00C60543 /* EpisodesDataSource.swift in Sources */,
				A52CBFE628D06B7500BD59BB /* EmojiCollectionViewDelegate.swift in Sources */,
				A52CBFF528D1D05F00BD59BB /* TitleWithDisclosureCollectionReusableView.swift in Sources */,
				A5D784D128D3189900C60543 /* View+CreateGradient.swift in Sources */,
				A52CBFEA28D0700E00BD59BB /* TitleCollectionReusableView.swift in Sources */,
				A52CBFE428D056E500BD59BB /* DataSource.swift in Sources */,
				A578BCC528CE1DF9000D6FF1 /* RickAndMorty.xcdatamodeld in Sources */,
				A52CBFD928CF293500BD59BB /* Constans.swift in Sources */,
				A52CBFEC28D0791E00BD59BB /* LocationDetailViewController.swift in Sources */,
				A52CBFD728CF290D00BD59BB /* MainTabBarController.swift in Sources */,
				A52CBFE228CF5F2700BD59BB /* Emoji.swift in Sources */,
				A52CBFD528CF28B500BD59BB /* EpisodesViewController.swift in Sources */,
				A578BCBB28CE1DF9000D6FF1 /* AppDelegate.swift in Sources */,
				A52CBFF328D1BB6C00BD59BB /* EpisodesCollectionViewCell.swift in Sources */,
				A5D784CC28D30EB400C60543 /* LocationCollectionViewCell.swift in Sources */,
				A52CBFF128D0803C00BD59BB /* LocationDetailDataSource.swift in Sources */,
				A5D784CE28D30ED200C60543 /* CharacterCollectionViewCell.swift in Sources */,
				A52CBFCE28CF288D00BD59BB /* CharactersViewController.swift in Sources */,
				A578BCBD28CE1DF9000D6FF1 /* SceneDelegate.swift in Sources */,
				A52CBFD228CF28A500BD59BB /* LocationsViewController.swift in Sources */,
			);
			runOnlyForDeploymentPostprocessing = 0;
		};
/* End PBXSourcesBuildPhase section */

/* Begin XCBuildConfiguration section */
		A578BCCC28CE1DFA000D6FF1 /* Debug */ = {
			isa = XCBuildConfiguration;
			buildSettings = {
				ALWAYS_SEARCH_USER_PATHS = NO;
				CLANG_ANALYZER_NONNULL = YES;
				CLANG_ANALYZER_NUMBER_OBJECT_CONVERSION = YES_AGGRESSIVE;
				CLANG_CXX_LANGUAGE_STANDARD = "gnu++17";
				CLANG_ENABLE_MODULES = YES;
				CLANG_ENABLE_OBJC_ARC = YES;
				CLANG_ENABLE_OBJC_WEAK = YES;
				CLANG_WARN_BLOCK_CAPTURE_AUTORELEASING = YES;
				CLANG_WARN_BOOL_CONVERSION = YES;
				CLANG_WARN_COMMA = YES;
				CLANG_WARN_CONSTANT_CONVERSION = YES;
				CLANG_WARN_DEPRECATED_OBJC_IMPLEMENTATIONS = YES;
				CLANG_WARN_DIRECT_OBJC_ISA_USAGE = YES_ERROR;
				CLANG_WARN_DOCUMENTATION_COMMENTS = YES;
				CLANG_WARN_EMPTY_BODY = YES;
				CLANG_WARN_ENUM_CONVERSION = YES;
				CLANG_WARN_INFINITE_RECURSION = YES;
				CLANG_WARN_INT_CONVERSION = YES;
				CLANG_WARN_NON_LITERAL_NULL_CONVERSION = YES;
				CLANG_WARN_OBJC_IMPLICIT_RETAIN_SELF = YES;
				CLANG_WARN_OBJC_LITERAL_CONVERSION = YES;
				CLANG_WARN_OBJC_ROOT_CLASS = YES_ERROR;
				CLANG_WARN_QUOTED_INCLUDE_IN_FRAMEWORK_HEADER = YES;
				CLANG_WARN_RANGE_LOOP_ANALYSIS = YES;
				CLANG_WARN_STRICT_PROTOTYPES = YES;
				CLANG_WARN_SUSPICIOUS_MOVE = YES;
				CLANG_WARN_UNGUARDED_AVAILABILITY = YES_AGGRESSIVE;
				CLANG_WARN_UNREACHABLE_CODE = YES;
				CLANG_WARN__DUPLICATE_METHOD_MATCH = YES;
				COPY_PHASE_STRIP = NO;
				DEBUG_INFORMATION_FORMAT = dwarf;
				ENABLE_STRICT_OBJC_MSGSEND = YES;
				ENABLE_TESTABILITY = YES;
				GCC_C_LANGUAGE_STANDARD = gnu11;
				GCC_DYNAMIC_NO_PIC = NO;
				GCC_NO_COMMON_BLOCKS = YES;
				GCC_OPTIMIZATION_LEVEL = 0;
				GCC_PREPROCESSOR_DEFINITIONS = (
					"DEBUG=1",
					"$(inherited)",
				);
				GCC_WARN_64_TO_32_BIT_CONVERSION = YES;
				GCC_WARN_ABOUT_RETURN_TYPE = YES_ERROR;
				GCC_WARN_UNDECLARED_SELECTOR = YES;
				GCC_WARN_UNINITIALIZED_AUTOS = YES_AGGRESSIVE;
				GCC_WARN_UNUSED_FUNCTION = YES;
				GCC_WARN_UNUSED_VARIABLE = YES;
				IPHONEOS_DEPLOYMENT_TARGET = 15.5;
				MTL_ENABLE_DEBUG_INFO = INCLUDE_SOURCE;
				MTL_FAST_MATH = YES;
				ONLY_ACTIVE_ARCH = YES;
				SDKROOT = iphoneos;
				SWIFT_ACTIVE_COMPILATION_CONDITIONS = DEBUG;
				SWIFT_OPTIMIZATION_LEVEL = "-Onone";
			};
			name = Debug;
		};
		A578BCCD28CE1DFA000D6FF1 /* Release */ = {
			isa = XCBuildConfiguration;
			buildSettings = {
				ALWAYS_SEARCH_USER_PATHS = NO;
				CLANG_ANALYZER_NONNULL = YES;
				CLANG_ANALYZER_NUMBER_OBJECT_CONVERSION = YES_AGGRESSIVE;
				CLANG_CXX_LANGUAGE_STANDARD = "gnu++17";
				CLANG_ENABLE_MODULES = YES;
				CLANG_ENABLE_OBJC_ARC = YES;
				CLANG_ENABLE_OBJC_WEAK = YES;
				CLANG_WARN_BLOCK_CAPTURE_AUTORELEASING = YES;
				CLANG_WARN_BOOL_CONVERSION = YES;
				CLANG_WARN_COMMA = YES;
				CLANG_WARN_CONSTANT_CONVERSION = YES;
				CLANG_WARN_DEPRECATED_OBJC_IMPLEMENTATIONS = YES;
				CLANG_WARN_DIRECT_OBJC_ISA_USAGE = YES_ERROR;
				CLANG_WARN_DOCUMENTATION_COMMENTS = YES;
				CLANG_WARN_EMPTY_BODY = YES;
				CLANG_WARN_ENUM_CONVERSION = YES;
				CLANG_WARN_INFINITE_RECURSION = YES;
				CLANG_WARN_INT_CONVERSION = YES;
				CLANG_WARN_NON_LITERAL_NULL_CONVERSION = YES;
				CLANG_WARN_OBJC_IMPLICIT_RETAIN_SELF = YES;
				CLANG_WARN_OBJC_LITERAL_CONVERSION = YES;
				CLANG_WARN_OBJC_ROOT_CLASS = YES_ERROR;
				CLANG_WARN_QUOTED_INCLUDE_IN_FRAMEWORK_HEADER = YES;
				CLANG_WARN_RANGE_LOOP_ANALYSIS = YES;
				CLANG_WARN_STRICT_PROTOTYPES = YES;
				CLANG_WARN_SUSPICIOUS_MOVE = YES;
				CLANG_WARN_UNGUARDED_AVAILABILITY = YES_AGGRESSIVE;
				CLANG_WARN_UNREACHABLE_CODE = YES;
				CLANG_WARN__DUPLICATE_METHOD_MATCH = YES;
				COPY_PHASE_STRIP = NO;
				DEBUG_INFORMATION_FORMAT = "dwarf-with-dsym";
				ENABLE_NS_ASSERTIONS = NO;
				ENABLE_STRICT_OBJC_MSGSEND = YES;
				GCC_C_LANGUAGE_STANDARD = gnu11;
				GCC_NO_COMMON_BLOCKS = YES;
				GCC_WARN_64_TO_32_BIT_CONVERSION = YES;
				GCC_WARN_ABOUT_RETURN_TYPE = YES_ERROR;
				GCC_WARN_UNDECLARED_SELECTOR = YES;
				GCC_WARN_UNINITIALIZED_AUTOS = YES_AGGRESSIVE;
				GCC_WARN_UNUSED_FUNCTION = YES;
				GCC_WARN_UNUSED_VARIABLE = YES;
				IPHONEOS_DEPLOYMENT_TARGET = 15.5;
				MTL_ENABLE_DEBUG_INFO = NO;
				MTL_FAST_MATH = YES;
				SDKROOT = iphoneos;
				SWIFT_COMPILATION_MODE = wholemodule;
				SWIFT_OPTIMIZATION_LEVEL = "-O";
				VALIDATE_PRODUCT = YES;
			};
			name = Release;
		};
		A578BCCF28CE1DFA000D6FF1 /* Debug */ = {
			isa = XCBuildConfiguration;
			buildSettings = {
				ASSETCATALOG_COMPILER_APPICON_NAME = AppIcon;
				ASSETCATALOG_COMPILER_GLOBAL_ACCENT_COLOR_NAME = AccentColor;
				CODE_SIGN_STYLE = Automatic;
				CURRENT_PROJECT_VERSION = 1;
				DEVELOPMENT_TEAM = 65JLP27XM7;
				GENERATE_INFOPLIST_FILE = YES;
				INFOPLIST_FILE = RickAndMorty/Resources/Info.plist;
				INFOPLIST_KEY_UIApplicationSupportsIndirectInputEvents = YES;
				INFOPLIST_KEY_UILaunchStoryboardName = LaunchScreen;
				INFOPLIST_KEY_UISupportedInterfaceOrientations_iPad = "UIInterfaceOrientationPortrait UIInterfaceOrientationPortraitUpsideDown UIInterfaceOrientationLandscapeLeft UIInterfaceOrientationLandscapeRight";
				INFOPLIST_KEY_UISupportedInterfaceOrientations_iPhone = "UIInterfaceOrientationPortrait UIInterfaceOrientationLandscapeLeft UIInterfaceOrientationLandscapeRight";
				IPHONEOS_DEPLOYMENT_TARGET = 13.0;
				LD_RUNPATH_SEARCH_PATHS = (
					"$(inherited)",
					"@executable_path/Frameworks",
				);
				MARKETING_VERSION = 1.0;
				PRODUCT_BUNDLE_IDENTIFIER = DaniilSimakhin.RickAndMorty;
				PRODUCT_NAME = "$(TARGET_NAME)";
				SWIFT_EMIT_LOC_STRINGS = YES;
				SWIFT_VERSION = 5.0;
				TARGETED_DEVICE_FAMILY = "1,2";
			};
			name = Debug;
		};
		A578BCD028CE1DFA000D6FF1 /* Release */ = {
			isa = XCBuildConfiguration;
			buildSettings = {
				ASSETCATALOG_COMPILER_APPICON_NAME = AppIcon;
				ASSETCATALOG_COMPILER_GLOBAL_ACCENT_COLOR_NAME = AccentColor;
				CODE_SIGN_STYLE = Automatic;
				CURRENT_PROJECT_VERSION = 1;
				DEVELOPMENT_TEAM = 65JLP27XM7;
				GENERATE_INFOPLIST_FILE = YES;
				INFOPLIST_FILE = RickAndMorty/Resources/Info.plist;
				INFOPLIST_KEY_UIApplicationSupportsIndirectInputEvents = YES;
				INFOPLIST_KEY_UILaunchStoryboardName = LaunchScreen;
				INFOPLIST_KEY_UISupportedInterfaceOrientations_iPad = "UIInterfaceOrientationPortrait UIInterfaceOrientationPortraitUpsideDown UIInterfaceOrientationLandscapeLeft UIInterfaceOrientationLandscapeRight";
				INFOPLIST_KEY_UISupportedInterfaceOrientations_iPhone = "UIInterfaceOrientationPortrait UIInterfaceOrientationLandscapeLeft UIInterfaceOrientationLandscapeRight";
				IPHONEOS_DEPLOYMENT_TARGET = 13.0;
				LD_RUNPATH_SEARCH_PATHS = (
					"$(inherited)",
					"@executable_path/Frameworks",
				);
				MARKETING_VERSION = 1.0;
				PRODUCT_BUNDLE_IDENTIFIER = DaniilSimakhin.RickAndMorty;
				PRODUCT_NAME = "$(TARGET_NAME)";
				SWIFT_EMIT_LOC_STRINGS = YES;
				SWIFT_VERSION = 5.0;
				TARGETED_DEVICE_FAMILY = "1,2";
			};
			name = Release;
		};
/* End XCBuildConfiguration section */

/* Begin XCConfigurationList section */
		A578BCB228CE1DF9000D6FF1 /* Build configuration list for PBXProject "RickAndMorty" */ = {
			isa = XCConfigurationList;
			buildConfigurations = (
				A578BCCC28CE1DFA000D6FF1 /* Debug */,
				A578BCCD28CE1DFA000D6FF1 /* Release */,
			);
			defaultConfigurationIsVisible = 0;
			defaultConfigurationName = Release;
		};
		A578BCCE28CE1DFA000D6FF1 /* Build configuration list for PBXNativeTarget "RickAndMorty" */ = {
			isa = XCConfigurationList;
			buildConfigurations = (
				A578BCCF28CE1DFA000D6FF1 /* Debug */,
				A578BCD028CE1DFA000D6FF1 /* Release */,
			);
			defaultConfigurationIsVisible = 0;
			defaultConfigurationName = Release;
		};
/* End XCConfigurationList section */

/* Begin XCVersionGroup section */
		A578BCC328CE1DF9000D6FF1 /* RickAndMorty.xcdatamodeld */ = {
			isa = XCVersionGroup;
			children = (
				A578BCC428CE1DF9000D6FF1 /* RickAndMorty.xcdatamodel */,
			);
			currentVersion = A578BCC428CE1DF9000D6FF1 /* RickAndMorty.xcdatamodel */;
			path = RickAndMorty.xcdatamodeld;
			sourceTree = "<group>";
			versionGroupType = wrapper.xcdatamodel;
		};
/* End XCVersionGroup section */
	};
	rootObject = A578BCAF28CE1DF9000D6FF1 /* Project object */;
}
